# This file is generated by running "yarn install" inside your project.
# Manual changes might be lost - proceed with caution!

__metadata:
  version: 8
  cacheKey: 10c0

"@types/chrome@npm:^0.0.269":
  version: 0.0.269
  resolution: "@types/chrome@npm:0.0.269"
  dependencies:
    "@types/filesystem": "npm:*"
    "@types/har-format": "npm:*"
  checksum: 10c0/71607df4ad4828f8da46027fd1ba5e60857e3bba716cf96eddaa18bcb1709230233a5f3a54eaea1231e5dbbc92122c5cc6ab1eb96c648daa442acfaaa2143338
  languageName: node
  linkType: hard

"@types/filesystem@npm:*":
  version: 0.0.36
  resolution: "@types/filesystem@npm:0.0.36"
  dependencies:
    "@types/filewriter": "npm:*"
  checksum: 10c0/3ebec32f0494b0a2612187d148e9f253ff55672c53f566d9a1e6d891eb6e2372df93c252b594b2775bc53e6660c4c37fdb05dc1b26e72b60a31010da8e1f7317
  languageName: node
  linkType: hard

"@types/filewriter@npm:*":
  version: 0.0.33
  resolution: "@types/filewriter@npm:0.0.33"
  checksum: 10c0/363ef9a658a961ceae04f52934562e4ebdcdc3a2564dd8544f593d77113c16574938b6ba4fea0bee418c37bda0668c1e03dfedb6adf00d55853f51fb3a59247b
  languageName: node
  linkType: hard

"@types/har-format@npm:*":
  version: 1.2.16
  resolution: "@types/har-format@npm:1.2.16"
  checksum: 10c0/77e952bc219db0c1f0588cab3b95865bc343b922e8423a76fbbd6a757c40709a256933fa415eb8fefda6ea5897c8e3dd3191bb8a82b37c13d9232467d31ae485
  languageName: node
  linkType: hard

"statusinvest-stock-updater@workspace:.":
  version: 0.0.0-use.local
  resolution: "statusinvest-stock-updater@workspace:."
  dependencies:
    "@types/chrome": "npm:^0.0.269"
    typescript: "npm:^4.0.0"
  languageName: unknown
  linkType: soft

"typescript@npm:^4.0.0":
  version: 4.9.5
  resolution: "typescript@npm:4.9.5"
  bin:
    tsc: bin/tsc
    tsserver: bin/tsserver
  checksum: 10c0/5f6cad2e728a8a063521328e612d7876e12f0d8a8390d3b3aaa452a6a65e24e9ac8ea22beb72a924fd96ea0a49ea63bb4e251fb922b12eedfb7f7a26475e5c56
  languageName: node
  linkType: hard

"typescript@patch:typescript@npm%3A^4.0.0#optional!builtin<compat/typescript>":
  version: 4.9.5
  resolution: "typescript@patch:typescript@npm%3A4.9.5#optional!builtin<compat/typescript>::version=4.9.5&hash=289587"
  bin:
    tsc: bin/tsc
    tsserver: bin/tsserver
  checksum: 10c0/e3333f887c6829dfe0ab6c1dbe0dd1e3e2aeb56c66460cb85c5440c566f900c833d370ca34eb47558c0c69e78ced4bfe09b8f4f98b6de7afed9b84b8d1dd06a1
  languageName: node
  linkType: hard
